
Microsoft Visual Studio Solution File, Format Version 12.00
# Visual Studio 15
Project("{FAE04EC0-301F-11D3-BF4B-00C04F79EFBC}") = "ChenChienLin550CAssignment8", "ChenChienLin550CAssignment8.csproj", "{1A899E55-1F6C-488D-A918-2BC213FCEAE2}"
EndProject
Global
	GlobalSection(SolutionConfigurationPlatforms) = preSolution
		Debug|anycpu = Debug|anycpu
		Release|anycpu = Release|anycpu
	EndGlobalSection
	GlobalSection(ProjectConfigurationPlatforms) = postSolution
		{1A899E55-1F6C-488D-A918-2BC213FCEAE2}.Debug|anycpu.ActiveCfg = Debug|anycpu
		{1A899E55-1F6C-488D-A918-2BC213FCEAE2}.Debug|anycpu.Build.0 = Debug|anycpu
		{1A899E55-1F6C-488D-A918-2BC213FCEAE2}.Release|anycpu.ActiveCfg = Release|anycpu
		{1A899E55-1F6C-488D-A918-2BC213FCEAE2}.Release|anycpu.Build.0 = Release|anycpu
	EndGlobalSection
EndGlobal
