
Microsoft Visual Studio Solution File, Format Version 12.00
# Visual Studio 15
Project("{FAE04EC0-301F-11D3-BF4B-00C04F79EFBC}") = "ChenChienLinAssignment7", "ChenChienLinAssignment7\ChenChienLinAssignment7.csproj", "{17395F03-6A71-43A7-80D2-42EC645462D0}"
EndProject
Global
	GlobalSection(SolutionConfigurationPlatforms) = preSolution
		Debug|anycpu = Debug|anycpu
		Release|anycpu = Release|anycpu
	EndGlobalSection
	GlobalSection(ProjectConfigurationPlatforms) = postSolution
		{17395F03-6A71-43A7-80D2-42EC645462D0}.Debug|anycpu.ActiveCfg = Debug|anycpu
		{17395F03-6A71-43A7-80D2-42EC645462D0}.Debug|anycpu.Build.0 = Debug|anycpu
		{17395F03-6A71-43A7-80D2-42EC645462D0}.Release|anycpu.ActiveCfg = Release|anycpu
		{17395F03-6A71-43A7-80D2-42EC645462D0}.Release|anycpu.Build.0 = Release|anycpu
	EndGlobalSection
EndGlobal
